
Microsoft Visual Studio Solution File, Format Version 12.00
# Visual Studio Version 17
VisualStudioVersion = 17.14.36623.8 d17.14
MinimumVisualStudioVersion = 10.0.40219.1
Project("{FAE04EC0-301F-11D3-BF4B-00C04F79EFBC}") = "BetterCounterOffer", "BetterCounterOffer.csproj", "{32821C00-E179-9434-C365-9DEAC169E868}"
EndProject
Global
	GlobalSection(SolutionConfigurationPlatforms) = preSolution
		IL2CPP|Any CPU = IL2CPP|Any CPU
		MONO|Any CPU = MONO|Any CPU
	EndGlobalSection
	GlobalSection(ProjectConfigurationPlatforms) = postSolution
		{32821C00-E179-9434-C365-9DEAC169E868}.IL2CPP|Any CPU.ActiveCfg = IL2CPP|Any CPU
		{32821C00-E179-9434-C365-9DEAC169E868}.IL2CPP|Any CPU.Build.0 = IL2CPP|Any CPU
		{32821C00-E179-9434-C365-9DEAC169E868}.MONO|Any CPU.ActiveCfg = MONO|Any CPU
		{32821C00-E179-9434-C365-9DEAC169E868}.MONO|Any CPU.Build.0 = MONO|Any CPU
	EndGlobalSection
	GlobalSection(SolutionProperties) = preSolution
		HideSolutionNode = FALSE
	EndGlobalSection
	GlobalSection(ExtensibilityGlobals) = postSolution
		SolutionGuid = {7608A9D9-60B9-4A15-9E1F-632BDD12B5EA}
	EndGlobalSection
EndGlobal
