
Microsoft Visual Studio Solution File, Format Version 12.00
# Visual Studio Version 17
VisualStudioVersion = 17.13.35919.96 d17.13
MinimumVisualStudioVersion = 10.0.40219.1
Project("{FAE04EC0-301F-11D3-BF4B-00C04F79EFBC}") = "BetterCounterOffer", "BetterCounterOffer.csproj", "{32821C00-E179-9434-C365-9DEAC169E868}"
EndProject
Global
	GlobalSection(SolutionConfigurationPlatforms) = preSolution
		Debug|Any CPU = Debug|Any CPU
		Release|Any CPU = Release|Any CPU
	EndGlobalSection
	GlobalSection(ProjectConfigurationPlatforms) = postSolution
		{32821C00-E179-9434-C365-9DEAC169E868}.Debug|Any CPU.ActiveCfg = Debug|Any CPU
		{32821C00-E179-9434-C365-9DEAC169E868}.Debug|Any CPU.Build.0 = Debug|Any CPU
		{32821C00-E179-9434-C365-9DEAC169E868}.Release|Any CPU.ActiveCfg = Release|Any CPU
		{32821C00-E179-9434-C365-9DEAC169E868}.Release|Any CPU.Build.0 = Release|Any CPU
	EndGlobalSection
	GlobalSection(SolutionProperties) = preSolution
		HideSolutionNode = FALSE
	EndGlobalSection
	GlobalSection(ExtensibilityGlobals) = postSolution
		SolutionGuid = {5ACD9478-B9AA-4A36-AA41-55BE39A9EAC3}
	EndGlobalSection
EndGlobal
